# THIS IS AN AUTOGENERATED FILE. DO NOT EDIT THIS FILE DIRECTLY.
# yarn lockfile v1


purescript-suggest@^2.2.0:
  version "2.2.0"
  resolved "https://registry.yarnpkg.com/purescript-suggest/-/purescript-suggest-2.2.0.tgz#19de4e7b1f1cdf084c95671813237ae194b65033"
  integrity sha1-Gd5Oex8c3whMlWcYEyN64ZS2UDM=

purty@^7.0.0:
  version "7.0.0"
  resolved "https://registry.yarnpkg.com/purty/-/purty-7.0.0.tgz#3a714a2155f543118c6831e1fb41b84d17de2b59"
  integrity sha512-gHHghPEjRY39GUJ8KnOMRfPArJILGCXwEhX6BmEdNiLgZuCjLLBLyawGiKFjYMfy8H5Dsk5NbgwIGslrPrernA==
